
Microsoft Visual Studio Solution File, Format Version 12.00
# Visual Studio Version 16
VisualStudioVersion = 16.0.31321.278
MinimumVisualStudioVersion = 10.0.40219.1
Project("{FAE04EC0-301F-11D3-BF4B-00C04F79EFBC}") = "AdventOfCode2021_15", "AdventOfCode2021_15\AdventOfCode2021_15.csproj", "{1537723B-E9A4-4906-891F-C5CDA7313B53}"
EndProject
Global
	GlobalSection(SolutionConfigurationPlatforms) = preSolution
		Debug|Any CPU = Debug|Any CPU
		Release|Any CPU = Release|Any CPU
	EndGlobalSection
	GlobalSection(ProjectConfigurationPlatforms) = postSolution
		{1537723B-E9A4-4906-891F-C5CDA7313B53}.Debug|Any CPU.ActiveCfg = Debug|Any CPU
		{1537723B-E9A4-4906-891F-C5CDA7313B53}.Debug|Any CPU.Build.0 = Debug|Any CPU
		{1537723B-E9A4-4906-891F-C5CDA7313B53}.Release|Any CPU.ActiveCfg = Release|Any CPU
		{1537723B-E9A4-4906-891F-C5CDA7313B53}.Release|Any CPU.Build.0 = Release|Any CPU
	EndGlobalSection
	GlobalSection(SolutionProperties) = preSolution
		HideSolutionNode = FALSE
	EndGlobalSection
	GlobalSection(ExtensibilityGlobals) = postSolution
		SolutionGuid = {0E164958-DDA7-482B-AB50-453EE0B3CA72}
	EndGlobalSection
EndGlobal
