
Microsoft Visual Studio Solution File, Format Version 12.00
# Visual Studio Version 16
VisualStudioVersion = 16.0.31321.278
MinimumVisualStudioVersion = 10.0.40219.1
Project("{FAE04EC0-301F-11D3-BF4B-00C04F79EFBC}") = "AdventOfCode2021_2_2", "AdventOfCode2021_2_2\AdventOfCode2021_2_2.csproj", "{491A7F3B-CA2F-4FBF-B37C-EE164379D2B2}"
EndProject
Global
	GlobalSection(SolutionConfigurationPlatforms) = preSolution
		Debug|Any CPU = Debug|Any CPU
		Release|Any CPU = Release|Any CPU
	EndGlobalSection
	GlobalSection(ProjectConfigurationPlatforms) = postSolution
		{491A7F3B-CA2F-4FBF-B37C-EE164379D2B2}.Debug|Any CPU.ActiveCfg = Debug|Any CPU
		{491A7F3B-CA2F-4FBF-B37C-EE164379D2B2}.Debug|Any CPU.Build.0 = Debug|Any CPU
		{491A7F3B-CA2F-4FBF-B37C-EE164379D2B2}.Release|Any CPU.ActiveCfg = Release|Any CPU
		{491A7F3B-CA2F-4FBF-B37C-EE164379D2B2}.Release|Any CPU.Build.0 = Release|Any CPU
	EndGlobalSection
	GlobalSection(SolutionProperties) = preSolution
		HideSolutionNode = FALSE
	EndGlobalSection
	GlobalSection(ExtensibilityGlobals) = postSolution
		SolutionGuid = {244B4011-E4A7-4C9A-ABF5-02B35B2FB60E}
	EndGlobalSection
EndGlobal
