
Microsoft Visual Studio Solution File, Format Version 12.00
# Visual Studio Version 16
VisualStudioVersion = 16.0.31321.278
MinimumVisualStudioVersion = 10.0.40219.1
Project("{FAE04EC0-301F-11D3-BF4B-00C04F79EFBC}") = "AdventOfCode2021_6", "AdventOfCode2021_6\AdventOfCode2021_6.csproj", "{6031F748-4278-4472-B0B2-8B780A4E3696}"
EndProject
Global
	GlobalSection(SolutionConfigurationPlatforms) = preSolution
		Debug|Any CPU = Debug|Any CPU
		Release|Any CPU = Release|Any CPU
	EndGlobalSection
	GlobalSection(ProjectConfigurationPlatforms) = postSolution
		{6031F748-4278-4472-B0B2-8B780A4E3696}.Debug|Any CPU.ActiveCfg = Debug|Any CPU
		{6031F748-4278-4472-B0B2-8B780A4E3696}.Debug|Any CPU.Build.0 = Debug|Any CPU
		{6031F748-4278-4472-B0B2-8B780A4E3696}.Release|Any CPU.ActiveCfg = Release|Any CPU
		{6031F748-4278-4472-B0B2-8B780A4E3696}.Release|Any CPU.Build.0 = Release|Any CPU
	EndGlobalSection
	GlobalSection(SolutionProperties) = preSolution
		HideSolutionNode = FALSE
	EndGlobalSection
	GlobalSection(ExtensibilityGlobals) = postSolution
		SolutionGuid = {C25C14C5-C580-4339-9934-213341D52D2C}
	EndGlobalSection
EndGlobal
