
Microsoft Visual Studio Solution File, Format Version 12.00
# Visual Studio Version 16
VisualStudioVersion = 16.0.31321.278
MinimumVisualStudioVersion = 10.0.40219.1
Project("{FAE04EC0-301F-11D3-BF4B-00C04F79EFBC}") = "AdventOfCode2021_3_2", "AdventOfCode2021_3_2\AdventOfCode2021_3_2.csproj", "{FDFDC5D1-E423-439D-8049-22754E7C8A41}"
EndProject
Global
	GlobalSection(SolutionConfigurationPlatforms) = preSolution
		Debug|Any CPU = Debug|Any CPU
		Release|Any CPU = Release|Any CPU
	EndGlobalSection
	GlobalSection(ProjectConfigurationPlatforms) = postSolution
		{FDFDC5D1-E423-439D-8049-22754E7C8A41}.Debug|Any CPU.ActiveCfg = Debug|Any CPU
		{FDFDC5D1-E423-439D-8049-22754E7C8A41}.Debug|Any CPU.Build.0 = Debug|Any CPU
		{FDFDC5D1-E423-439D-8049-22754E7C8A41}.Release|Any CPU.ActiveCfg = Release|Any CPU
		{FDFDC5D1-E423-439D-8049-22754E7C8A41}.Release|Any CPU.Build.0 = Release|Any CPU
	EndGlobalSection
	GlobalSection(SolutionProperties) = preSolution
		HideSolutionNode = FALSE
	EndGlobalSection
	GlobalSection(ExtensibilityGlobals) = postSolution
		SolutionGuid = {2016DCFE-8662-4594-9072-1E9D2782D13F}
	EndGlobalSection
EndGlobal
